
Microsoft Visual Studio Solution File, Format Version 12.00
# Visual Studio 15
VisualStudioVersion = 15.0.26730.15
MinimumVisualStudioVersion = 10.0.40219.1
Project("{FAE04EC0-301F-11D3-BF4B-00C04F79EFBC}") = "LR6", "LR6\LR6.csproj", "{A9B3B260-06EA-46A9-84BE-8DAC1F852083}"
EndProject
Global
	GlobalSection(SolutionConfigurationPlatforms) = preSolution
		Debug|Any CPU = Debug|Any CPU
		Release|Any CPU = Release|Any CPU
	EndGlobalSection
	GlobalSection(ProjectConfigurationPlatforms) = postSolution
		{A9B3B260-06EA-46A9-84BE-8DAC1F852083}.Debug|Any CPU.ActiveCfg = Debug|Any CPU
		{A9B3B260-06EA-46A9-84BE-8DAC1F852083}.Debug|Any CPU.Build.0 = Debug|Any CPU
		{A9B3B260-06EA-46A9-84BE-8DAC1F852083}.Release|Any CPU.ActiveCfg = Release|Any CPU
		{A9B3B260-06EA-46A9-84BE-8DAC1F852083}.Release|Any CPU.Build.0 = Release|Any CPU
	EndGlobalSection
	GlobalSection(SolutionProperties) = preSolution
		HideSolutionNode = FALSE
	EndGlobalSection
	GlobalSection(ExtensibilityGlobals) = postSolution
		SolutionGuid = {30DBF2B1-CEFF-469F-886B-3C3F34F6C9AE}
	EndGlobalSection
EndGlobal
